
Microsoft Visual Studio Solution File, Format Version 12.00
# Visual Studio 14
VisualStudioVersion = 14.0.25420.1
MinimumVisualStudioVersion = 10.0.40219.1
Project("{8BC9CEB8-8B4A-11D0-8D11-00A0C91BC942}") = "00_总计", "00_总计\00_总计.vcxproj", "{9F7CCEB8-19A6-4613-9A6A-5E541D2D8D86}"
EndProject
Project("{8BC9CEB8-8B4A-11D0-8D11-00A0C91BC942}") = "02_01_Cpp风格Cast", "02_01_Cpp风格Cast\02_01_Cpp风格Cast.vcxproj", "{B9DB60E3-5319-452B-B872-4902FA2E47BF}"
EndProject
Project("{8BC9CEB8-8B4A-11D0-8D11-00A0C91BC942}") = "04_01_默认构造函数", "04_默认构造函数\04_默认构造函数.vcxproj", "{E5388EC4-CE91-4F13-8EE2-030FC7C8D788}"
EndProject
Project("{8BC9CEB8-8B4A-11D0-8D11-00A0C91BC942}") = "05_01_类型转换函数", "05_01_类型转换函数\05_01_类型转换函数.vcxproj", "{20F7C6C1-7CAD-4E22-B3B0-E8841E9DBB7E}"
EndProject
Project("{8BC9CEB8-8B4A-11D0-8D11-00A0C91BC942}") = "06_01_increment的两种形式", "06_increment的两种形式\06_increment的两种形式.vcxproj", "{9E7B23B0-2846-4859-BDAC-801C0C66F8DA}"
EndProject
Project("{8BC9CEB8-8B4A-11D0-8D11-00A0C91BC942}") = "08_operator_new和new_operator", "08_operator_new和new_operator\08_operator_new和new_operator.vcxproj", "{19BCBAC1-234C-42BD-9386-118624946F30}"
EndProject
Project("{8BC9CEB8-8B4A-11D0-8D11-00A0C91BC942}") = "19_01_临时对象", "19_临时对象\19_临时对象.vcxproj", "{47CFF643-FB15-418B-A97B-0997CD2B415D}"
EndProject
Project("{8BC9CEB8-8B4A-11D0-8D11-00A0C91BC942}") = "20_返回值里的临时对象的优化", "20_返回值里的临时对象的优化\20_返回值里的临时对象的优化.vcxproj", "{9135C0E1-1485-4763-ADEC-BCEA7111216D}"
EndProject
Project("{8BC9CEB8-8B4A-11D0-8D11-00A0C91BC942}") = "26_01_阻止建立类的对象", "26_01_阻止建立类的对象\26_01_阻止建立类的对象.vcxproj", "{9334F97E-E2A9-4E39-A5B9-B05C1990D8EB}"
EndProject
Project("{8BC9CEB8-8B4A-11D0-8D11-00A0C91BC942}") = "27_02_判断对象在堆上", "27_01_判断对象在堆上\27_01_判断对象在堆上.vcxproj", "{963147A6-3A67-41F6-9E05-1AC8A7D3BC97}"
EndProject
Project("{8BC9CEB8-8B4A-11D0-8D11-00A0C91BC942}") = "28_01_SmartPtr", "28_01_SmartPtr\28_01_SmartPtr.vcxproj", "{C6CFD030-FC0E-4C27-97C0-724EC4718CD8}"
EndProject
Project("{8BC9CEB8-8B4A-11D0-8D11-00A0C91BC942}") = "05_02_proxyclass", "05_02_proxyclass\05_02_proxyclass.vcxproj", "{9548A9AC-A8CE-4AC5-9CF7-DBF47C5624EE}"
EndProject
Project("{8BC9CEB8-8B4A-11D0-8D11-00A0C91BC942}") = "03_01_对数组使用多态", "03_01_对数组使用多态\03_01_对数组使用多态.vcxproj", "{3EC224ED-BA9B-4536-B818-931876F88CC4}"
EndProject
Project("{8BC9CEB8-8B4A-11D0-8D11-00A0C91BC942}") = "05_02_隐式类型转换带来的问题", "05_02_隐式类型转换带来的问题\05_02_隐式类型转换带来的问题.vcxproj", "{9408A7B2-24D5-43ED-A3C3-8B5CCAC59683}"
EndProject
Project("{8BC9CEB8-8B4A-11D0-8D11-00A0C91BC942}") = "10_01_在构造函数中防止抛出异常", "09_01_在析构函数中防止抛出异常\09_01_在析构函数中防止抛出异常.vcxproj", "{B480CFED-5F60-49E0-B228-7AE557C299D3}"
EndProject
Project("{8BC9CEB8-8B4A-11D0-8D11-00A0C91BC942}") = "11_01_不要在析构函数抛出异常", "11_01_不要在析构函数抛出异常\11_01_不要在析构函数抛出异常.vcxproj", "{FE52103E-2068-457A-B4C0-A6FC89625E81}"
EndProject
Project("{8BC9CEB8-8B4A-11D0-8D11-00A0C91BC942}") = "25_01_构造函数和非成员函数虚拟化", "25_01_构造函数和非成员函数虚拟化\25_01_构造函数和非成员函数虚拟化.vcxproj", "{EC96F3B7-CF4E-47D6-B546-54F9E1B6AD50}"
EndProject
Project("{8BC9CEB8-8B4A-11D0-8D11-00A0C91BC942}") = "26_02_具有引用计数功能的基类", "26_02_具有引用计数功能的基类\26_02_具有引用计数功能的基类.vcxproj", "{FE8855AF-8396-4FBC-B68B-C4B66497E6B8}"
EndProject
Project("{8BC9CEB8-8B4A-11D0-8D11-00A0C91BC942}") = "27_01_限制只能在堆上创建对象", "27_01_限制只能在堆上创建对象\27_01_限制只能在堆上创建对象.vcxproj", "{FDF410B8-03A4-476E-AFB1-4E0FC1A5ED82}"
EndProject
Project("{8BC9CEB8-8B4A-11D0-8D11-00A0C91BC942}") = "27_03_禁止建立堆对象", "27_03_禁止建立堆对象\27_03_禁止建立堆对象.vcxproj", "{5D983578-4526-4B55-8774-58D485858A6A}"
EndProject
Project("{8BC9CEB8-8B4A-11D0-8D11-00A0C91BC942}") = "29_01_引用计数的String", "29_01_引用计数的String\29_01_引用计数的String.vcxproj", "{C688BD7B-EE3C-40F2-B89A-69140504A4CD}"
EndProject
Project("{8BC9CEB8-8B4A-11D0-8D11-00A0C91BC942}") = "29_02_带有引用计数的基类", "29_02_带有引用计数的基类\29_02_带有引用计数的基类.vcxproj", "{C941A8AB-5C2E-469A-B082-FDDAF4EADE80}"
EndProject
Project("{8BC9CEB8-8B4A-11D0-8D11-00A0C91BC942}") = "29_03_自动的引用计数处理", "29_03_自动的引用计数处理\29_03_自动的引用计数处理.vcxproj", "{3099A056-6ACE-4EB4-A5F7-0B692F2AE5CC}"
EndProject
Project("{8BC9CEB8-8B4A-11D0-8D11-00A0C91BC942}") = "29_04_在现存类上增加引用计数", "29_04_在现存类上增加引用计数\29_04_在现存类上增加引用计数.vcxproj", "{7609A633-901E-41AF-9316-0CB6936A4068}"
EndProject
Project("{8BC9CEB8-8B4A-11D0-8D11-00A0C91BC942}") = "30_01_代理类实现二维数组", "30_01_代理类实现二维数组\30_01_代理类实现二维数组.vcxproj", "{814AD3D3-139F-4DA1-95EF-A791709E3ACD}"
EndProject
Project("{8BC9CEB8-8B4A-11D0-8D11-00A0C91BC942}") = "30_02_代理类实现区分读操作写操作", "30_02_代理类实现区分读操作写操作\30_02_代理类实现区分读操作写操作.vcxproj", "{E1E49C6F-F44F-4DC5-B83D-27465269D4CB}"
EndProject
Global
	GlobalSection(SolutionConfigurationPlatforms) = preSolution
		Debug|x64 = Debug|x64
		Debug|x86 = Debug|x86
		Release|x64 = Release|x64
		Release|x86 = Release|x86
	EndGlobalSection
	GlobalSection(ProjectConfigurationPlatforms) = postSolution
		{9F7CCEB8-19A6-4613-9A6A-5E541D2D8D86}.Debug|x64.ActiveCfg = Debug|x64
		{9F7CCEB8-19A6-4613-9A6A-5E541D2D8D86}.Debug|x64.Build.0 = Debug|x64
		{9F7CCEB8-19A6-4613-9A6A-5E541D2D8D86}.Debug|x86.ActiveCfg = Debug|Win32
		{9F7CCEB8-19A6-4613-9A6A-5E541D2D8D86}.Debug|x86.Build.0 = Debug|Win32
		{9F7CCEB8-19A6-4613-9A6A-5E541D2D8D86}.Release|x64.ActiveCfg = Release|x64
		{9F7CCEB8-19A6-4613-9A6A-5E541D2D8D86}.Release|x64.Build.0 = Release|x64
		{9F7CCEB8-19A6-4613-9A6A-5E541D2D8D86}.Release|x86.ActiveCfg = Release|Win32
		{9F7CCEB8-19A6-4613-9A6A-5E541D2D8D86}.Release|x86.Build.0 = Release|Win32
		{B9DB60E3-5319-452B-B872-4902FA2E47BF}.Debug|x64.ActiveCfg = Debug|x64
		{B9DB60E3-5319-452B-B872-4902FA2E47BF}.Debug|x64.Build.0 = Debug|x64
		{B9DB60E3-5319-452B-B872-4902FA2E47BF}.Debug|x86.ActiveCfg = Debug|Win32
		{B9DB60E3-5319-452B-B872-4902FA2E47BF}.Debug|x86.Build.0 = Debug|Win32
		{B9DB60E3-5319-452B-B872-4902FA2E47BF}.Release|x64.ActiveCfg = Release|x64
		{B9DB60E3-5319-452B-B872-4902FA2E47BF}.Release|x64.Build.0 = Release|x64
		{B9DB60E3-5319-452B-B872-4902FA2E47BF}.Release|x86.ActiveCfg = Release|Win32
		{B9DB60E3-5319-452B-B872-4902FA2E47BF}.Release|x86.Build.0 = Release|Win32
		{E5388EC4-CE91-4F13-8EE2-030FC7C8D788}.Debug|x64.ActiveCfg = Debug|x64
		{E5388EC4-CE91-4F13-8EE2-030FC7C8D788}.Debug|x64.Build.0 = Debug|x64
		{E5388EC4-CE91-4F13-8EE2-030FC7C8D788}.Debug|x86.ActiveCfg = Debug|Win32
		{E5388EC4-CE91-4F13-8EE2-030FC7C8D788}.Debug|x86.Build.0 = Debug|Win32
		{E5388EC4-CE91-4F13-8EE2-030FC7C8D788}.Release|x64.ActiveCfg = Release|x64
		{E5388EC4-CE91-4F13-8EE2-030FC7C8D788}.Release|x64.Build.0 = Release|x64
		{E5388EC4-CE91-4F13-8EE2-030FC7C8D788}.Release|x86.ActiveCfg = Release|Win32
		{E5388EC4-CE91-4F13-8EE2-030FC7C8D788}.Release|x86.Build.0 = Release|Win32
		{20F7C6C1-7CAD-4E22-B3B0-E8841E9DBB7E}.Debug|x64.ActiveCfg = Debug|x64
		{20F7C6C1-7CAD-4E22-B3B0-E8841E9DBB7E}.Debug|x64.Build.0 = Debug|x64
		{20F7C6C1-7CAD-4E22-B3B0-E8841E9DBB7E}.Debug|x86.ActiveCfg = Debug|Win32
		{20F7C6C1-7CAD-4E22-B3B0-E8841E9DBB7E}.Debug|x86.Build.0 = Debug|Win32
		{20F7C6C1-7CAD-4E22-B3B0-E8841E9DBB7E}.Release|x64.ActiveCfg = Release|x64
		{20F7C6C1-7CAD-4E22-B3B0-E8841E9DBB7E}.Release|x64.Build.0 = Release|x64
		{20F7C6C1-7CAD-4E22-B3B0-E8841E9DBB7E}.Release|x86.ActiveCfg = Release|Win32
		{20F7C6C1-7CAD-4E22-B3B0-E8841E9DBB7E}.Release|x86.Build.0 = Release|Win32
		{9E7B23B0-2846-4859-BDAC-801C0C66F8DA}.Debug|x64.ActiveCfg = Debug|x64
		{9E7B23B0-2846-4859-BDAC-801C0C66F8DA}.Debug|x64.Build.0 = Debug|x64
		{9E7B23B0-2846-4859-BDAC-801C0C66F8DA}.Debug|x86.ActiveCfg = Debug|Win32
		{9E7B23B0-2846-4859-BDAC-801C0C66F8DA}.Debug|x86.Build.0 = Debug|Win32
		{9E7B23B0-2846-4859-BDAC-801C0C66F8DA}.Release|x64.ActiveCfg = Release|x64
		{9E7B23B0-2846-4859-BDAC-801C0C66F8DA}.Release|x64.Build.0 = Release|x64
		{9E7B23B0-2846-4859-BDAC-801C0C66F8DA}.Release|x86.ActiveCfg = Release|Win32
		{9E7B23B0-2846-4859-BDAC-801C0C66F8DA}.Release|x86.Build.0 = Release|Win32
		{19BCBAC1-234C-42BD-9386-118624946F30}.Debug|x64.ActiveCfg = Debug|x64
		{19BCBAC1-234C-42BD-9386-118624946F30}.Debug|x64.Build.0 = Debug|x64
		{19BCBAC1-234C-42BD-9386-118624946F30}.Debug|x86.ActiveCfg = Debug|Win32
		{19BCBAC1-234C-42BD-9386-118624946F30}.Debug|x86.Build.0 = Debug|Win32
		{19BCBAC1-234C-42BD-9386-118624946F30}.Release|x64.ActiveCfg = Release|x64
		{19BCBAC1-234C-42BD-9386-118624946F30}.Release|x64.Build.0 = Release|x64
		{19BCBAC1-234C-42BD-9386-118624946F30}.Release|x86.ActiveCfg = Release|Win32
		{19BCBAC1-234C-42BD-9386-118624946F30}.Release|x86.Build.0 = Release|Win32
		{47CFF643-FB15-418B-A97B-0997CD2B415D}.Debug|x64.ActiveCfg = Debug|x64
		{47CFF643-FB15-418B-A97B-0997CD2B415D}.Debug|x64.Build.0 = Debug|x64
		{47CFF643-FB15-418B-A97B-0997CD2B415D}.Debug|x86.ActiveCfg = Debug|Win32
		{47CFF643-FB15-418B-A97B-0997CD2B415D}.Debug|x86.Build.0 = Debug|Win32
		{47CFF643-FB15-418B-A97B-0997CD2B415D}.Release|x64.ActiveCfg = Release|x64
		{47CFF643-FB15-418B-A97B-0997CD2B415D}.Release|x64.Build.0 = Release|x64
		{47CFF643-FB15-418B-A97B-0997CD2B415D}.Release|x86.ActiveCfg = Release|Win32
		{47CFF643-FB15-418B-A97B-0997CD2B415D}.Release|x86.Build.0 = Release|Win32
		{9135C0E1-1485-4763-ADEC-BCEA7111216D}.Debug|x64.ActiveCfg = Debug|x64
		{9135C0E1-1485-4763-ADEC-BCEA7111216D}.Debug|x64.Build.0 = Debug|x64
		{9135C0E1-1485-4763-ADEC-BCEA7111216D}.Debug|x86.ActiveCfg = Debug|Win32
		{9135C0E1-1485-4763-ADEC-BCEA7111216D}.Debug|x86.Build.0 = Debug|Win32
		{9135C0E1-1485-4763-ADEC-BCEA7111216D}.Release|x64.ActiveCfg = Release|x64
		{9135C0E1-1485-4763-ADEC-BCEA7111216D}.Release|x64.Build.0 = Release|x64
		{9135C0E1-1485-4763-ADEC-BCEA7111216D}.Release|x86.ActiveCfg = Release|Win32
		{9135C0E1-1485-4763-ADEC-BCEA7111216D}.Release|x86.Build.0 = Release|Win32
		{9334F97E-E2A9-4E39-A5B9-B05C1990D8EB}.Debug|x64.ActiveCfg = Debug|x64
		{9334F97E-E2A9-4E39-A5B9-B05C1990D8EB}.Debug|x64.Build.0 = Debug|x64
		{9334F97E-E2A9-4E39-A5B9-B05C1990D8EB}.Debug|x86.ActiveCfg = Debug|Win32
		{9334F97E-E2A9-4E39-A5B9-B05C1990D8EB}.Debug|x86.Build.0 = Debug|Win32
		{9334F97E-E2A9-4E39-A5B9-B05C1990D8EB}.Release|x64.ActiveCfg = Release|x64
		{9334F97E-E2A9-4E39-A5B9-B05C1990D8EB}.Release|x64.Build.0 = Release|x64
		{9334F97E-E2A9-4E39-A5B9-B05C1990D8EB}.Release|x86.ActiveCfg = Release|Win32
		{9334F97E-E2A9-4E39-A5B9-B05C1990D8EB}.Release|x86.Build.0 = Release|Win32
		{963147A6-3A67-41F6-9E05-1AC8A7D3BC97}.Debug|x64.ActiveCfg = Debug|x64
		{963147A6-3A67-41F6-9E05-1AC8A7D3BC97}.Debug|x64.Build.0 = Debug|x64
		{963147A6-3A67-41F6-9E05-1AC8A7D3BC97}.Debug|x86.ActiveCfg = Debug|Win32
		{963147A6-3A67-41F6-9E05-1AC8A7D3BC97}.Debug|x86.Build.0 = Debug|Win32
		{963147A6-3A67-41F6-9E05-1AC8A7D3BC97}.Release|x64.ActiveCfg = Release|x64
		{963147A6-3A67-41F6-9E05-1AC8A7D3BC97}.Release|x64.Build.0 = Release|x64
		{963147A6-3A67-41F6-9E05-1AC8A7D3BC97}.Release|x86.ActiveCfg = Release|Win32
		{963147A6-3A67-41F6-9E05-1AC8A7D3BC97}.Release|x86.Build.0 = Release|Win32
		{C6CFD030-FC0E-4C27-97C0-724EC4718CD8}.Debug|x64.ActiveCfg = Debug|x64
		{C6CFD030-FC0E-4C27-97C0-724EC4718CD8}.Debug|x64.Build.0 = Debug|x64
		{C6CFD030-FC0E-4C27-97C0-724EC4718CD8}.Debug|x86.ActiveCfg = Debug|Win32
		{C6CFD030-FC0E-4C27-97C0-724EC4718CD8}.Debug|x86.Build.0 = Debug|Win32
		{C6CFD030-FC0E-4C27-97C0-724EC4718CD8}.Release|x64.ActiveCfg = Release|x64
		{C6CFD030-FC0E-4C27-97C0-724EC4718CD8}.Release|x64.Build.0 = Release|x64
		{C6CFD030-FC0E-4C27-97C0-724EC4718CD8}.Release|x86.ActiveCfg = Release|Win32
		{C6CFD030-FC0E-4C27-97C0-724EC4718CD8}.Release|x86.Build.0 = Release|Win32
		{9548A9AC-A8CE-4AC5-9CF7-DBF47C5624EE}.Debug|x64.ActiveCfg = Debug|x64
		{9548A9AC-A8CE-4AC5-9CF7-DBF47C5624EE}.Debug|x64.Build.0 = Debug|x64
		{9548A9AC-A8CE-4AC5-9CF7-DBF47C5624EE}.Debug|x86.ActiveCfg = Debug|Win32
		{9548A9AC-A8CE-4AC5-9CF7-DBF47C5624EE}.Debug|x86.Build.0 = Debug|Win32
		{9548A9AC-A8CE-4AC5-9CF7-DBF47C5624EE}.Release|x64.ActiveCfg = Release|x64
		{9548A9AC-A8CE-4AC5-9CF7-DBF47C5624EE}.Release|x64.Build.0 = Release|x64
		{9548A9AC-A8CE-4AC5-9CF7-DBF47C5624EE}.Release|x86.ActiveCfg = Release|Win32
		{9548A9AC-A8CE-4AC5-9CF7-DBF47C5624EE}.Release|x86.Build.0 = Release|Win32
		{3EC224ED-BA9B-4536-B818-931876F88CC4}.Debug|x64.ActiveCfg = Debug|x64
		{3EC224ED-BA9B-4536-B818-931876F88CC4}.Debug|x64.Build.0 = Debug|x64
		{3EC224ED-BA9B-4536-B818-931876F88CC4}.Debug|x86.ActiveCfg = Debug|Win32
		{3EC224ED-BA9B-4536-B818-931876F88CC4}.Debug|x86.Build.0 = Debug|Win32
		{3EC224ED-BA9B-4536-B818-931876F88CC4}.Release|x64.ActiveCfg = Release|x64
		{3EC224ED-BA9B-4536-B818-931876F88CC4}.Release|x64.Build.0 = Release|x64
		{3EC224ED-BA9B-4536-B818-931876F88CC4}.Release|x86.ActiveCfg = Release|Win32
		{3EC224ED-BA9B-4536-B818-931876F88CC4}.Release|x86.Build.0 = Release|Win32
		{9408A7B2-24D5-43ED-A3C3-8B5CCAC59683}.Debug|x64.ActiveCfg = Debug|x64
		{9408A7B2-24D5-43ED-A3C3-8B5CCAC59683}.Debug|x64.Build.0 = Debug|x64
		{9408A7B2-24D5-43ED-A3C3-8B5CCAC59683}.Debug|x86.ActiveCfg = Debug|Win32
		{9408A7B2-24D5-43ED-A3C3-8B5CCAC59683}.Debug|x86.Build.0 = Debug|Win32
		{9408A7B2-24D5-43ED-A3C3-8B5CCAC59683}.Release|x64.ActiveCfg = Release|x64
		{9408A7B2-24D5-43ED-A3C3-8B5CCAC59683}.Release|x64.Build.0 = Release|x64
		{9408A7B2-24D5-43ED-A3C3-8B5CCAC59683}.Release|x86.ActiveCfg = Release|Win32
		{9408A7B2-24D5-43ED-A3C3-8B5CCAC59683}.Release|x86.Build.0 = Release|Win32
		{B480CFED-5F60-49E0-B228-7AE557C299D3}.Debug|x64.ActiveCfg = Debug|x64
		{B480CFED-5F60-49E0-B228-7AE557C299D3}.Debug|x64.Build.0 = Debug|x64
		{B480CFED-5F60-49E0-B228-7AE557C299D3}.Debug|x86.ActiveCfg = Debug|Win32
		{B480CFED-5F60-49E0-B228-7AE557C299D3}.Debug|x86.Build.0 = Debug|Win32
		{B480CFED-5F60-49E0-B228-7AE557C299D3}.Release|x64.ActiveCfg = Release|x64
		{B480CFED-5F60-49E0-B228-7AE557C299D3}.Release|x64.Build.0 = Release|x64
		{B480CFED-5F60-49E0-B228-7AE557C299D3}.Release|x86.ActiveCfg = Release|Win32
		{B480CFED-5F60-49E0-B228-7AE557C299D3}.Release|x86.Build.0 = Release|Win32
		{FE52103E-2068-457A-B4C0-A6FC89625E81}.Debug|x64.ActiveCfg = Debug|x64
		{FE52103E-2068-457A-B4C0-A6FC89625E81}.Debug|x64.Build.0 = Debug|x64
		{FE52103E-2068-457A-B4C0-A6FC89625E81}.Debug|x86.ActiveCfg = Debug|Win32
		{FE52103E-2068-457A-B4C0-A6FC89625E81}.Debug|x86.Build.0 = Debug|Win32
		{FE52103E-2068-457A-B4C0-A6FC89625E81}.Release|x64.ActiveCfg = Release|x64
		{FE52103E-2068-457A-B4C0-A6FC89625E81}.Release|x64.Build.0 = Release|x64
		{FE52103E-2068-457A-B4C0-A6FC89625E81}.Release|x86.ActiveCfg = Release|Win32
		{FE52103E-2068-457A-B4C0-A6FC89625E81}.Release|x86.Build.0 = Release|Win32
		{EC96F3B7-CF4E-47D6-B546-54F9E1B6AD50}.Debug|x64.ActiveCfg = Debug|x64
		{EC96F3B7-CF4E-47D6-B546-54F9E1B6AD50}.Debug|x64.Build.0 = Debug|x64
		{EC96F3B7-CF4E-47D6-B546-54F9E1B6AD50}.Debug|x86.ActiveCfg = Debug|Win32
		{EC96F3B7-CF4E-47D6-B546-54F9E1B6AD50}.Debug|x86.Build.0 = Debug|Win32
		{EC96F3B7-CF4E-47D6-B546-54F9E1B6AD50}.Release|x64.ActiveCfg = Release|x64
		{EC96F3B7-CF4E-47D6-B546-54F9E1B6AD50}.Release|x64.Build.0 = Release|x64
		{EC96F3B7-CF4E-47D6-B546-54F9E1B6AD50}.Release|x86.ActiveCfg = Release|Win32
		{EC96F3B7-CF4E-47D6-B546-54F9E1B6AD50}.Release|x86.Build.0 = Release|Win32
		{FE8855AF-8396-4FBC-B68B-C4B66497E6B8}.Debug|x64.ActiveCfg = Debug|x64
		{FE8855AF-8396-4FBC-B68B-C4B66497E6B8}.Debug|x64.Build.0 = Debug|x64
		{FE8855AF-8396-4FBC-B68B-C4B66497E6B8}.Debug|x86.ActiveCfg = Debug|Win32
		{FE8855AF-8396-4FBC-B68B-C4B66497E6B8}.Debug|x86.Build.0 = Debug|Win32
		{FE8855AF-8396-4FBC-B68B-C4B66497E6B8}.Release|x64.ActiveCfg = Release|x64
		{FE8855AF-8396-4FBC-B68B-C4B66497E6B8}.Release|x64.Build.0 = Release|x64
		{FE8855AF-8396-4FBC-B68B-C4B66497E6B8}.Release|x86.ActiveCfg = Release|Win32
		{FE8855AF-8396-4FBC-B68B-C4B66497E6B8}.Release|x86.Build.0 = Release|Win32
		{FDF410B8-03A4-476E-AFB1-4E0FC1A5ED82}.Debug|x64.ActiveCfg = Debug|x64
		{FDF410B8-03A4-476E-AFB1-4E0FC1A5ED82}.Debug|x64.Build.0 = Debug|x64
		{FDF410B8-03A4-476E-AFB1-4E0FC1A5ED82}.Debug|x86.ActiveCfg = Debug|Win32
		{FDF410B8-03A4-476E-AFB1-4E0FC1A5ED82}.Debug|x86.Build.0 = Debug|Win32
		{FDF410B8-03A4-476E-AFB1-4E0FC1A5ED82}.Release|x64.ActiveCfg = Release|x64
		{FDF410B8-03A4-476E-AFB1-4E0FC1A5ED82}.Release|x64.Build.0 = Release|x64
		{FDF410B8-03A4-476E-AFB1-4E0FC1A5ED82}.Release|x86.ActiveCfg = Release|Win32
		{FDF410B8-03A4-476E-AFB1-4E0FC1A5ED82}.Release|x86.Build.0 = Release|Win32
		{5D983578-4526-4B55-8774-58D485858A6A}.Debug|x64.ActiveCfg = Debug|x64
		{5D983578-4526-4B55-8774-58D485858A6A}.Debug|x64.Build.0 = Debug|x64
		{5D983578-4526-4B55-8774-58D485858A6A}.Debug|x86.ActiveCfg = Debug|Win32
		{5D983578-4526-4B55-8774-58D485858A6A}.Debug|x86.Build.0 = Debug|Win32
		{5D983578-4526-4B55-8774-58D485858A6A}.Release|x64.ActiveCfg = Release|x64
		{5D983578-4526-4B55-8774-58D485858A6A}.Release|x64.Build.0 = Release|x64
		{5D983578-4526-4B55-8774-58D485858A6A}.Release|x86.ActiveCfg = Release|Win32
		{5D983578-4526-4B55-8774-58D485858A6A}.Release|x86.Build.0 = Release|Win32
		{C688BD7B-EE3C-40F2-B89A-69140504A4CD}.Debug|x64.ActiveCfg = Debug|x64
		{C688BD7B-EE3C-40F2-B89A-69140504A4CD}.Debug|x64.Build.0 = Debug|x64
		{C688BD7B-EE3C-40F2-B89A-69140504A4CD}.Debug|x86.ActiveCfg = Debug|Win32
		{C688BD7B-EE3C-40F2-B89A-69140504A4CD}.Debug|x86.Build.0 = Debug|Win32
		{C688BD7B-EE3C-40F2-B89A-69140504A4CD}.Release|x64.ActiveCfg = Release|x64
		{C688BD7B-EE3C-40F2-B89A-69140504A4CD}.Release|x64.Build.0 = Release|x64
		{C688BD7B-EE3C-40F2-B89A-69140504A4CD}.Release|x86.ActiveCfg = Release|Win32
		{C688BD7B-EE3C-40F2-B89A-69140504A4CD}.Release|x86.Build.0 = Release|Win32
		{C941A8AB-5C2E-469A-B082-FDDAF4EADE80}.Debug|x64.ActiveCfg = Debug|x64
		{C941A8AB-5C2E-469A-B082-FDDAF4EADE80}.Debug|x64.Build.0 = Debug|x64
		{C941A8AB-5C2E-469A-B082-FDDAF4EADE80}.Debug|x86.ActiveCfg = Debug|Win32
		{C941A8AB-5C2E-469A-B082-FDDAF4EADE80}.Debug|x86.Build.0 = Debug|Win32
		{C941A8AB-5C2E-469A-B082-FDDAF4EADE80}.Release|x64.ActiveCfg = Release|x64
		{C941A8AB-5C2E-469A-B082-FDDAF4EADE80}.Release|x64.Build.0 = Release|x64
		{C941A8AB-5C2E-469A-B082-FDDAF4EADE80}.Release|x86.ActiveCfg = Release|Win32
		{C941A8AB-5C2E-469A-B082-FDDAF4EADE80}.Release|x86.Build.0 = Release|Win32
		{3099A056-6ACE-4EB4-A5F7-0B692F2AE5CC}.Debug|x64.ActiveCfg = Debug|x64
		{3099A056-6ACE-4EB4-A5F7-0B692F2AE5CC}.Debug|x64.Build.0 = Debug|x64
		{3099A056-6ACE-4EB4-A5F7-0B692F2AE5CC}.Debug|x86.ActiveCfg = Debug|Win32
		{3099A056-6ACE-4EB4-A5F7-0B692F2AE5CC}.Debug|x86.Build.0 = Debug|Win32
		{3099A056-6ACE-4EB4-A5F7-0B692F2AE5CC}.Release|x64.ActiveCfg = Release|x64
		{3099A056-6ACE-4EB4-A5F7-0B692F2AE5CC}.Release|x64.Build.0 = Release|x64
		{3099A056-6ACE-4EB4-A5F7-0B692F2AE5CC}.Release|x86.ActiveCfg = Release|Win32
		{3099A056-6ACE-4EB4-A5F7-0B692F2AE5CC}.Release|x86.Build.0 = Release|Win32
		{7609A633-901E-41AF-9316-0CB6936A4068}.Debug|x64.ActiveCfg = Debug|x64
		{7609A633-901E-41AF-9316-0CB6936A4068}.Debug|x64.Build.0 = Debug|x64
		{7609A633-901E-41AF-9316-0CB6936A4068}.Debug|x86.ActiveCfg = Debug|Win32
		{7609A633-901E-41AF-9316-0CB6936A4068}.Debug|x86.Build.0 = Debug|Win32
		{7609A633-901E-41AF-9316-0CB6936A4068}.Release|x64.ActiveCfg = Release|x64
		{7609A633-901E-41AF-9316-0CB6936A4068}.Release|x64.Build.0 = Release|x64
		{7609A633-901E-41AF-9316-0CB6936A4068}.Release|x86.ActiveCfg = Release|Win32
		{7609A633-901E-41AF-9316-0CB6936A4068}.Release|x86.Build.0 = Release|Win32
		{814AD3D3-139F-4DA1-95EF-A791709E3ACD}.Debug|x64.ActiveCfg = Debug|x64
		{814AD3D3-139F-4DA1-95EF-A791709E3ACD}.Debug|x64.Build.0 = Debug|x64
		{814AD3D3-139F-4DA1-95EF-A791709E3ACD}.Debug|x86.ActiveCfg = Debug|Win32
		{814AD3D3-139F-4DA1-95EF-A791709E3ACD}.Debug|x86.Build.0 = Debug|Win32
		{814AD3D3-139F-4DA1-95EF-A791709E3ACD}.Release|x64.ActiveCfg = Release|x64
		{814AD3D3-139F-4DA1-95EF-A791709E3ACD}.Release|x64.Build.0 = Release|x64
		{814AD3D3-139F-4DA1-95EF-A791709E3ACD}.Release|x86.ActiveCfg = Release|Win32
		{814AD3D3-139F-4DA1-95EF-A791709E3ACD}.Release|x86.Build.0 = Release|Win32
		{E1E49C6F-F44F-4DC5-B83D-27465269D4CB}.Debug|x64.ActiveCfg = Debug|x64
		{E1E49C6F-F44F-4DC5-B83D-27465269D4CB}.Debug|x64.Build.0 = Debug|x64
		{E1E49C6F-F44F-4DC5-B83D-27465269D4CB}.Debug|x86.ActiveCfg = Debug|Win32
		{E1E49C6F-F44F-4DC5-B83D-27465269D4CB}.Debug|x86.Build.0 = Debug|Win32
		{E1E49C6F-F44F-4DC5-B83D-27465269D4CB}.Release|x64.ActiveCfg = Release|x64
		{E1E49C6F-F44F-4DC5-B83D-27465269D4CB}.Release|x64.Build.0 = Release|x64
		{E1E49C6F-F44F-4DC5-B83D-27465269D4CB}.Release|x86.ActiveCfg = Release|Win32
		{E1E49C6F-F44F-4DC5-B83D-27465269D4CB}.Release|x86.Build.0 = Release|Win32
	EndGlobalSection
	GlobalSection(SolutionProperties) = preSolution
		HideSolutionNode = FALSE
	EndGlobalSection
EndGlobal
